
Microsoft Visual Studio Solution File, Format Version 12.00
# Visual Studio Version 16
VisualStudioVersion = 16.0.30011.22
MinimumVisualStudioVersion = 10.0.40219.1
Project("{FAE04EC0-301F-11D3-BF4B-00C04F79EFBC}") = "WPF 11 - Localization", "WPF 11 - Localization\WPF 11 - Localization.csproj", "{EA5462E8-3387-42AD-B9B4-A601F2F4E3DD}"
EndProject
Global
	GlobalSection(SolutionConfigurationPlatforms) = preSolution
		Debug|Any CPU = Debug|Any CPU
		Release|Any CPU = Release|Any CPU
	EndGlobalSection
	GlobalSection(ProjectConfigurationPlatforms) = postSolution
		{EA5462E8-3387-42AD-B9B4-A601F2F4E3DD}.Debug|Any CPU.ActiveCfg = Debug|Any CPU
		{EA5462E8-3387-42AD-B9B4-A601F2F4E3DD}.Debug|Any CPU.Build.0 = Debug|Any CPU
		{EA5462E8-3387-42AD-B9B4-A601F2F4E3DD}.Release|Any CPU.ActiveCfg = Release|Any CPU
		{EA5462E8-3387-42AD-B9B4-A601F2F4E3DD}.Release|Any CPU.Build.0 = Release|Any CPU
	EndGlobalSection
	GlobalSection(SolutionProperties) = preSolution
		HideSolutionNode = FALSE
	EndGlobalSection
	GlobalSection(ExtensibilityGlobals) = postSolution
		SolutionGuid = {5C587B26-E810-40A6-BC33-D5FAA123D286}
	EndGlobalSection
EndGlobal
