
Microsoft Visual Studio Solution File, Format Version 12.00
# Visual Studio Version 16
VisualStudioVersion = 16.0.30011.22
MinimumVisualStudioVersion = 10.0.40219.1
Project("{FAE04EC0-301F-11D3-BF4B-00C04F79EFBC}") = "WPF 13 - Exam", "WPF 13 - Exam\WPF 13 - Exam.csproj", "{D9C1D4DE-949F-4E21-A98D-953D98780115}"
EndProject
Global
	GlobalSection(SolutionConfigurationPlatforms) = preSolution
		Debug|Any CPU = Debug|Any CPU
		Release|Any CPU = Release|Any CPU
	EndGlobalSection
	GlobalSection(ProjectConfigurationPlatforms) = postSolution
		{D9C1D4DE-949F-4E21-A98D-953D98780115}.Debug|Any CPU.ActiveCfg = Debug|Any CPU
		{D9C1D4DE-949F-4E21-A98D-953D98780115}.Debug|Any CPU.Build.0 = Debug|Any CPU
		{D9C1D4DE-949F-4E21-A98D-953D98780115}.Release|Any CPU.ActiveCfg = Release|Any CPU
		{D9C1D4DE-949F-4E21-A98D-953D98780115}.Release|Any CPU.Build.0 = Release|Any CPU
	EndGlobalSection
	GlobalSection(SolutionProperties) = preSolution
		HideSolutionNode = FALSE
	EndGlobalSection
	GlobalSection(ExtensibilityGlobals) = postSolution
		SolutionGuid = {1B511DBD-8968-4900-AF16-4BB43F134DA4}
	EndGlobalSection
EndGlobal
