
Microsoft Visual Studio Solution File, Format Version 12.00
# Visual Studio Version 16
VisualStudioVersion = 16.0.30011.22
MinimumVisualStudioVersion = 10.0.40219.1
Project("{FAE04EC0-301F-11D3-BF4B-00C04F79EFBC}") = "WPF 7 - Binding", "WPF 7 - Binding\WPF 7 - Binding.csproj", "{0B70496E-094A-42FE-9362-E686C655FC84}"
EndProject
Global
	GlobalSection(SolutionConfigurationPlatforms) = preSolution
		Debug|Any CPU = Debug|Any CPU
		Release|Any CPU = Release|Any CPU
	EndGlobalSection
	GlobalSection(ProjectConfigurationPlatforms) = postSolution
		{0B70496E-094A-42FE-9362-E686C655FC84}.Debug|Any CPU.ActiveCfg = Debug|Any CPU
		{0B70496E-094A-42FE-9362-E686C655FC84}.Debug|Any CPU.Build.0 = Debug|Any CPU
		{0B70496E-094A-42FE-9362-E686C655FC84}.Release|Any CPU.ActiveCfg = Release|Any CPU
		{0B70496E-094A-42FE-9362-E686C655FC84}.Release|Any CPU.Build.0 = Release|Any CPU
	EndGlobalSection
	GlobalSection(SolutionProperties) = preSolution
		HideSolutionNode = FALSE
	EndGlobalSection
	GlobalSection(ExtensibilityGlobals) = postSolution
		SolutionGuid = {2729BDB0-686F-496A-91A2-69A447A50983}
	EndGlobalSection
EndGlobal
